
Microsoft Visual Studio Solution File, Format Version 12.00
# Visual Studio Version 17
VisualStudioVersion = 17.10.34707.107
MinimumVisualStudioVersion = 10.0.40219.1
Project("{9A19103F-16F7-4668-BE54-9A1E7A4F7556}") = "ppedv.CubesPizza.Model", "ppedv.CubesPizza.Model\ppedv.CubesPizza.Model.csproj", "{CBD8CF22-2848-4598-9927-F879E8A4E530}"
EndProject
Project("{9A19103F-16F7-4668-BE54-9A1E7A4F7556}") = "ppedv.CubesPizza.Data.EfCore", "ppedv.CubesPizza.Data.EfCore\ppedv.CubesPizza.Data.EfCore.csproj", "{B97D3183-3978-4F4F-9F4E-0E80C2623E8D}"
EndProject
Project("{9A19103F-16F7-4668-BE54-9A1E7A4F7556}") = "ppedv.CubesPizza.Data.EfCore.Tests", "ppedv.CubesPizza.Data.EfCore.Tests\ppedv.CubesPizza.Data.EfCore.Tests.csproj", "{26C3B5DC-50BB-4C6A-834A-9996A45283E8}"
EndProject
Project("{9A19103F-16F7-4668-BE54-9A1E7A4F7556}") = "ppedv.CubesPizza.Core", "ppedv.CubesPizza.Core\ppedv.CubesPizza.Core.csproj", "{6511863D-A1FC-427E-A63A-D1264BED3DD9}"
EndProject
Project("{9A19103F-16F7-4668-BE54-9A1E7A4F7556}") = "ppedv.CubesPizza.Core.Tests", "ppedv.CubesPizza.Core.Tests\ppedv.CubesPizza.Core.Tests.csproj", "{41BCD0D1-ACCC-47AF-A2E8-AB5782CBC242}"
EndProject
Project("{9A19103F-16F7-4668-BE54-9A1E7A4F7556}") = "ppedv.CubesPizza.UI.DevConsole", "ppedv.CubesPizza.UI.DevConsole\ppedv.CubesPizza.UI.DevConsole.csproj", "{F77694F3-53E8-4EBC-9365-F16E5B457033}"
EndProject
Project("{9A19103F-16F7-4668-BE54-9A1E7A4F7556}") = "ppedv.CubesPizza.UI.Wpf", "ppedv.CubesPizza.UI.Wpf\ppedv.CubesPizza.UI.Wpf.csproj", "{800131F5-A11A-4209-9B1D-CC37FF270A30}"
EndProject
Project("{FAE04EC0-301F-11D3-BF4B-00C04F79EFBC}") = "ppedv.CubesPizza.UI.ASP_MVC", "ppedv.CubesPizza.UI.ASP_MVC\ppedv.CubesPizza.UI.ASP_MVC.csproj", "{139DE3F4-6F47-4A45-8F88-87B5943E40A1}"
EndProject
Global
	GlobalSection(SolutionConfigurationPlatforms) = preSolution
		Debug|Any CPU = Debug|Any CPU
		Release|Any CPU = Release|Any CPU
	EndGlobalSection
	GlobalSection(ProjectConfigurationPlatforms) = postSolution
		{CBD8CF22-2848-4598-9927-F879E8A4E530}.Debug|Any CPU.ActiveCfg = Debug|Any CPU
		{CBD8CF22-2848-4598-9927-F879E8A4E530}.Debug|Any CPU.Build.0 = Debug|Any CPU
		{CBD8CF22-2848-4598-9927-F879E8A4E530}.Release|Any CPU.ActiveCfg = Release|Any CPU
		{CBD8CF22-2848-4598-9927-F879E8A4E530}.Release|Any CPU.Build.0 = Release|Any CPU
		{B97D3183-3978-4F4F-9F4E-0E80C2623E8D}.Debug|Any CPU.ActiveCfg = Debug|Any CPU
		{B97D3183-3978-4F4F-9F4E-0E80C2623E8D}.Debug|Any CPU.Build.0 = Debug|Any CPU
		{B97D3183-3978-4F4F-9F4E-0E80C2623E8D}.Release|Any CPU.ActiveCfg = Release|Any CPU
		{B97D3183-3978-4F4F-9F4E-0E80C2623E8D}.Release|Any CPU.Build.0 = Release|Any CPU
		{26C3B5DC-50BB-4C6A-834A-9996A45283E8}.Debug|Any CPU.ActiveCfg = Debug|Any CPU
		{26C3B5DC-50BB-4C6A-834A-9996A45283E8}.Debug|Any CPU.Build.0 = Debug|Any CPU
		{26C3B5DC-50BB-4C6A-834A-9996A45283E8}.Release|Any CPU.ActiveCfg = Release|Any CPU
		{26C3B5DC-50BB-4C6A-834A-9996A45283E8}.Release|Any CPU.Build.0 = Release|Any CPU
		{6511863D-A1FC-427E-A63A-D1264BED3DD9}.Debug|Any CPU.ActiveCfg = Debug|Any CPU
		{6511863D-A1FC-427E-A63A-D1264BED3DD9}.Debug|Any CPU.Build.0 = Debug|Any CPU
		{6511863D-A1FC-427E-A63A-D1264BED3DD9}.Release|Any CPU.ActiveCfg = Release|Any CPU
		{6511863D-A1FC-427E-A63A-D1264BED3DD9}.Release|Any CPU.Build.0 = Release|Any CPU
		{41BCD0D1-ACCC-47AF-A2E8-AB5782CBC242}.Debug|Any CPU.ActiveCfg = Debug|Any CPU
		{41BCD0D1-ACCC-47AF-A2E8-AB5782CBC242}.Debug|Any CPU.Build.0 = Debug|Any CPU
		{41BCD0D1-ACCC-47AF-A2E8-AB5782CBC242}.Release|Any CPU.ActiveCfg = Release|Any CPU
		{41BCD0D1-ACCC-47AF-A2E8-AB5782CBC242}.Release|Any CPU.Build.0 = Release|Any CPU
		{F77694F3-53E8-4EBC-9365-F16E5B457033}.Debug|Any CPU.ActiveCfg = Debug|Any CPU
		{F77694F3-53E8-4EBC-9365-F16E5B457033}.Debug|Any CPU.Build.0 = Debug|Any CPU
		{F77694F3-53E8-4EBC-9365-F16E5B457033}.Release|Any CPU.ActiveCfg = Release|Any CPU
		{F77694F3-53E8-4EBC-9365-F16E5B457033}.Release|Any CPU.Build.0 = Release|Any CPU
		{800131F5-A11A-4209-9B1D-CC37FF270A30}.Debug|Any CPU.ActiveCfg = Debug|Any CPU
		{800131F5-A11A-4209-9B1D-CC37FF270A30}.Debug|Any CPU.Build.0 = Debug|Any CPU
		{800131F5-A11A-4209-9B1D-CC37FF270A30}.Release|Any CPU.ActiveCfg = Release|Any CPU
		{800131F5-A11A-4209-9B1D-CC37FF270A30}.Release|Any CPU.Build.0 = Release|Any CPU
		{139DE3F4-6F47-4A45-8F88-87B5943E40A1}.Debug|Any CPU.ActiveCfg = Debug|Any CPU
		{139DE3F4-6F47-4A45-8F88-87B5943E40A1}.Debug|Any CPU.Build.0 = Debug|Any CPU
		{139DE3F4-6F47-4A45-8F88-87B5943E40A1}.Release|Any CPU.ActiveCfg = Release|Any CPU
		{139DE3F4-6F47-4A45-8F88-87B5943E40A1}.Release|Any CPU.Build.0 = Release|Any CPU
	EndGlobalSection
	GlobalSection(SolutionProperties) = preSolution
		HideSolutionNode = FALSE
	EndGlobalSection
	GlobalSection(ExtensibilityGlobals) = postSolution
		SolutionGuid = {00D49AFD-B9A1-4386-80A6-F5662DF3A5B1}
	EndGlobalSection
EndGlobal
